dependencies:
- name: aurix-core
  repository: file://../aurix-core
  version: 0.1.0
- name: aurix-gateway
  repository: file://../aurix-gateway
  version: 0.1.0
- name: aurix-pix
  repository: file://../aurix-pix
  version: 0.1.0
- name: aurix-bacen
  repository: file://../aurix-bacen
  version: 0.1.0
- name: aurix-onboarding
  repository: file://../aurix-onboarding
  version: 0.1.0
- name: aurix-security
  repository: file://../aurix-security
  version: 0.1.0
- name: aurix-openfinance
  repository: file://../aurix-openfinance
  version: 0.1.0
- name: aurix-analytics
  repository: file://../aurix-analytics
  version: 0.1.0
- name: aurix-catalog
  repository: file://../aurix-catalog
  version: 0.1.0
- name: aurix-credit
  repository: file://../aurix-credit
  version: 0.1.0
- name: aurix-cartoes
  repository: file://../aurix-cartoes
  version: 0.1.0
- name: aurix-consignado
  repository: file://../aurix-consignado
  version: 0.1.0
- name: aurix-financiamento
  repository: file://../aurix-financiamento
  version: 0.1.0
- name: aurix-cambio
  repository: file://../aurix-cambio
  version: 0.1.0
- name: aurix-seguros
  repository: file://../aurix-seguros
  version: 0.1.0
- name: aurix-investimento
  repository: file://../aurix-investimento
  version: 0.1.0
- name: aurix-salario
  repository: file://../aurix-salario
  version: 0.1.0
- name: aurix-poupanca
  repository: file://../aurix-poupanca
  version: 0.1.0
- name: aurix-accounting
  repository: file://../aurix-accounting
  version: 0.1.0
- name: aurix-billing
  repository: file://../aurix-billing
  version: 0.1.0
- name: aurix-compliance
  repository: file://../aurix-compliance
  version: 0.1.0
- name: aurix-audit
  repository: file://../aurix-audit
  version: 0.1.0
- name: aurix-webhooks
  repository: file://../aurix-webhooks
  version: 0.1.0
- name: aurix-organization
  repository: file://../aurix-organization
  version: 0.1.0
- name: aurix-provisioning
  repository: file://../aurix-provisioning
  version: 0.1.0
- name: aurix-treasury
  repository: file://../aurix-treasury
  version: 0.1.0
- name: aurix-tax
  repository: file://../aurix-tax
  version: 0.1.0
- name: aurix-cost
  repository: file://../aurix-cost
  version: 0.1.0
- name: aurix-budget
  repository: file://../aurix-budget
  version: 0.1.0
- name: aurix-settlement
  repository: file://../aurix-settlement
  version: 0.1.0
- name: aurix-pricing
  repository: file://../aurix-pricing
  version: 0.1.0
- name: aurix-baas
  repository: file://../aurix-baas
  version: 0.1.0
- name: aurix-internet-banking
  repository: file://../aurix-internet-banking
  version: 0.1.0
- name: aurix-mobile-banking
  repository: file://../aurix-mobile-banking
  version: 0.1.0
- name: aurix-ai
  repository: file://../aurix-ai
  version: 0.1.0
- name: aurix-controller
  repository: file://../aurix-controller
  version: 0.1.0
digest: sha256:0a61f50043c80406a040d227c1b087f18f6a185a175c735633f7d716f8e7e809
generated: "2026-07-11T20:54:22.251492817-03:00"
